
Microsoft Visual Studio Solution File, Format Version 12.00
# Visual Studio Version 17
VisualStudioVersion = 17.8.34511.84
MinimumVisualStudioVersion = 10.0.40219.1
Project("{FAE04EC0-301F-11D3-BF4B-00C04F79EFBC}") = "Tarea 3", "Tarea 3\Tarea 3.csproj", "{CFD5AE27-5262-4385-9551-90B7FB122A38}"
EndProject
Global
	GlobalSection(SolutionConfigurationPlatforms) = preSolution
		Debug|Any CPU = Debug|Any CPU
		Release|Any CPU = Release|Any CPU
	EndGlobalSection
	GlobalSection(ProjectConfigurationPlatforms) = postSolution
		{CFD5AE27-5262-4385-9551-90B7FB122A38}.Debug|Any CPU.ActiveCfg = Debug|Any CPU
		{CFD5AE27-5262-4385-9551-90B7FB122A38}.Debug|Any CPU.Build.0 = Debug|Any CPU
		{CFD5AE27-5262-4385-9551-90B7FB122A38}.Release|Any CPU.ActiveCfg = Release|Any CPU
		{CFD5AE27-5262-4385-9551-90B7FB122A38}.Release|Any CPU.Build.0 = Release|Any CPU
	EndGlobalSection
	GlobalSection(SolutionProperties) = preSolution
		HideSolutionNode = FALSE
	EndGlobalSection
	GlobalSection(ExtensibilityGlobals) = postSolution
		SolutionGuid = {E11FCF1E-967B-4374-A938-8882AB71C6CB}
	EndGlobalSection
EndGlobal
